// !$*UTF8*$!
{
	archiveVersion = 1;
	classes = {
	};
	objectVersion = 48;
	objects = {

/* Begin PBXBuildFile section */
		88541B9E1FB42AF70027E0BA /* AppDelegate.m in Sources */ = {isa = PBXBuildFile; fileRef = 88541B9D1FB42AF70027E0BA /* AppDelegate.m */; };
		88541BA11FB42AF80027E0BA /* ViewController.m in Sources */ = {isa = PBXBuildFile; fileRef = 88541BA01FB42AF80027E0BA /* ViewController.m */; };
		88541BA41FB42AF80027E0BA /* Main.storyboard in Resources */ = {isa = PBXBuildFile; fileRef = 88541BA21FB42AF80027E0BA /* Main.storyboard */; };
		88541BA61FB42AF80027E0BA /* Assets.xcassets in Resources */ = {isa = PBXBuildFile; fileRef = 88541BA51FB42AF80027E0BA /* Assets.xcassets */; };
		88541BA91FB42AF80027E0BA /* LaunchScreen.storyboard in Resources */ = {isa = PBXBuildFile; fileRef = 88541BA71FB42AF80027E0BA /* LaunchScreen.storyboard */; };
		88541BAC1FB42AF80027E0BA /* main.m in Sources */ = {isa = PBXBuildFile; fileRef = 88541BAB1FB42AF80027E0BA /* main.m */; };
		88541BB31FB42D2F0027E0BA /* FBSDKLoginKit.framework in Frameworks */ = {isa = PBXBuildFile; fileRef = 88541BB21FB42D2F0027E0BA /* FBSDKLoginKit.framework */; };
		88541BB41FB42D790027E0BA /* FBSDKLoginKit.framework in Resources */ = {isa = PBXBuildFile; fileRef = 88541BB21FB42D2F0027E0BA /* FBSDKLoginKit.framework */; };
		88541BBF1FB42DB50027E0BA /* FBSDKPlacesKit.framework in Frameworks */ = {isa = PBXBuildFile; fileRef = 88541BB51FB42DB50027E0BA /* FBSDKPlacesKit.framework */; };
		88541BC01FB42DB50027E0BA /* AccountKitStrings.bundle in Resources */ = {isa = PBXBuildFile; fileRef = 88541BB61FB42DB50027E0BA /* AccountKitStrings.bundle */; };
		88541BC11FB42DB50027E0BA /* Bolts.framework in Frameworks */ = {isa = PBXBuildFile; fileRef = 88541BB71FB42DB50027E0BA /* Bolts.framework */; };
		88541BC21FB42DB50027E0BA /* FBNotifications.framework in Frameworks */ = {isa = PBXBuildFile; fileRef = 88541BB81FB42DB50027E0BA /* FBNotifications.framework */; };
		88541BC31FB42DB50027E0BA /* FBSDKMessengerShareKit.framework in Frameworks */ = {isa = PBXBuildFile; fileRef = 88541BB91FB42DB50027E0BA /* FBSDKMessengerShareKit.framework */; };
		88541BC41FB42DB50027E0BA /* AccountKit.framework in Frameworks */ = {isa = PBXBuildFile; fileRef = 88541BBA1FB42DB50027E0BA /* AccountKit.framework */; };
		88541BC51FB42DB50027E0BA /* FBSDKCoreKit.framework in Frameworks */ = {isa = PBXBuildFile; fileRef = 88541BBB1FB42DB50027E0BA /* FBSDKCoreKit.framework */; };
		88541BC61FB42DB50027E0BA /* FBSDKLoginKit.framework in Frameworks */ = {isa = PBXBuildFile; fileRef = 88541BBC1FB42DB50027E0BA /* FBSDKLoginKit.framework */; };
		88541BC71FB42DB50027E0BA /* FBSDKShareKit.framework in Frameworks */ = {isa = PBXBuildFile; fileRef = 88541BBD1FB42DB50027E0BA /* FBSDKShareKit.framework */; };
		88541BC81FB42DB50027E0BA /* FacebookSDKStrings.bundle in Resources */ = {isa = PBXBuildFile; fileRef = 88541BBE1FB42DB50027E0BA /* FacebookSDKStrings.bundle */; };
/* End PBXBuildFile section */

/* Begin PBXFileReference section */
		88541B991FB42AF70027E0BA /* fbcXYZ.app */ = {isa = PBXFileReference; explicitFileType = wrapper.application; includeInIndex = 0; path = fbcXYZ.app; sourceTree = BUILT_PRODUCTS_DIR; };
		88541B9C1FB42AF70027E0BA /* AppDelegate.h */ = {isa = PBXFileReference; lastKnownFileType = sourcecode.c.h; path = AppDelegate.h; sourceTree = "<group>"; };
		88541B9D1FB42AF70027E0BA /* AppDelegate.m */ = {isa = PBXFileReference; lastKnownFileType = sourcecode.c.objc; path = AppDelegate.m; sourceTree = "<group>"; };
		88541B9F1FB42AF80027E0BA /* ViewController.h */ = {isa = PBXFileReference; lastKnownFileType = sourcecode.c.h; path = ViewController.h; sourceTree = "<group>"; };
		88541BA01FB42AF80027E0BA /* ViewController.m */ = {isa = PBXFileReference; lastKnownFileType = sourcecode.c.objc; path = ViewController.m; sourceTree = "<group>"; };
		88541BA31FB42AF80027E0BA /* Base */ = {isa = PBXFileReference; lastKnownFileType = file.storyboard; name = Base; path = Base.lproj/Main.storyboard; sourceTree = "<group>"; };
		88541BA51FB42AF80027E0BA /* Assets.xcassets */ = {isa = PBXFileReference; lastKnownFileType = folder.assetcatalog; path = Assets.xcassets; sourceTree = "<group>"; };
		88541BA81FB42AF80027E0BA /* Base */ = {isa = PBXFileReference; lastKnownFileType = file.storyboard; name = Base; path = Base.lproj/LaunchScreen.storyboard; sourceTree = "<group>"; };
		88541BAA1FB42AF80027E0BA /* Info.plist */ = {isa = PBXFileReference; lastKnownFileType = text.plist.xml; path = Info.plist; sourceTree = "<group>"; };
		88541BAB1FB42AF80027E0BA /* main.m */ = {isa = PBXFileReference; lastKnownFileType = sourcecode.c.objc; path = main.m; sourceTree = "<group>"; };
		88541BB21FB42D2F0027E0BA /* FBSDKLoginKit.framework */ = {isa = PBXFileReference; lastKnownFileType = wrapper.framework; path = FBSDKLoginKit.framework; sourceTree = "<group>"; };
		88541BB51FB42DB50027E0BA /* FBSDKPlacesKit.framework */ = {isa = PBXFileReference; lastKnownFileType = wrapper.framework; path = FBSDKPlacesKit.framework; sourceTree = "<group>"; };
		88541BB61FB42DB50027E0BA /* AccountKitStrings.bundle */ = {isa = PBXFileReference; lastKnownFileType = "wrapper.plug-in"; path = AccountKitStrings.bundle; sourceTree = "<group>"; };
		88541BB71FB42DB50027E0BA /* Bolts.framework */ = {isa = PBXFileReference; lastKnownFileType = wrapper.framework; path = Bolts.framework; sourceTree = "<group>"; };
		88541BB81FB42DB50027E0BA /* FBNotifications.framework */ = {isa = PBXFileReference; lastKnownFileType = wrapper.framework; path = FBNotifications.framework; sourceTree = "<group>"; };
		88541BB91FB42DB50027E0BA /* FBSDKMessengerShareKit.framework */ = {isa = PBXFileReference; lastKnownFileType = wrapper.framework; path = FBSDKMessengerShareKit.framework; sourceTree = "<group>"; };
		88541BBA1FB42DB50027E0BA /* AccountKit.framework */ = {isa = PBXFileReference; lastKnownFileType = wrapper.framework; path = AccountKit.framework; sourceTree = "<group>"; };
		88541BBB1FB42DB50027E0BA /* FBSDKCoreKit.framework */ = {isa = PBXFileReference; lastKnownFileType = wrapper.framework; path = FBSDKCoreKit.framework; sourceTree = "<group>"; };
		88541BBC1FB42DB50027E0BA /* FBSDKLoginKit.framework */ = {isa = PBXFileReference; lastKnownFileType = wrapper.framework; name = FBSDKLoginKit.framework; path = "../../Downloads/FacebookSDKs-iOS-4.28.0/FBSDKLoginKit.framework"; sourceTree = "<group>"; };
		88541BBD1FB42DB50027E0BA /* FBSDKShareKit.framework */ = {isa = PBXFileReference; lastKnownFileType = wrapper.framework; path = FBSDKShareKit.framework; sourceTree = "<group>"; };
		88541BBE1FB42DB50027E0BA /* FacebookSDKStrings.bundle */ = {isa = PBXFileReference; lastKnownFileType = "wrapper.plug-in"; path = FacebookSDKStrings.bundle; sourceTree = "<group>"; };
/* End PBXFileReference section */

/* Begin PBXFrameworksBuildPhase section */
		88541B961FB42AF70027E0BA /* Frameworks */ = {
			isa = PBXFrameworksBuildPhase;
			buildActionMask = 2147483647;
			files = (
				88541BC11FB42DB50027E0BA /* Bolts.framework in Frameworks */,
				88541BBF1FB42DB50027E0BA /* FBSDKPlacesKit.framework in Frameworks */,
				88541BC31FB42DB50027E0BA /* FBSDKMessengerShareKit.framework in Frameworks */,
				88541BC41FB42DB50027E0BA /* AccountKit.framework in Frameworks */,
				88541BC51FB42DB50027E0BA /* FBSDKCoreKit.framework in Frameworks */,
				88541BC71FB42DB50027E0BA /* FBSDKShareKit.framework in Frameworks */,
				88541BB31FB42D2F0027E0BA /* FBSDKLoginKit.framework in Frameworks */,
				88541BC61FB42DB50027E0BA /* FBSDKLoginKit.framework in Frameworks */,
				88541BC21FB42DB50027E0BA /* FBNotifications.framework in Frameworks */,
			);
			runOnlyForDeploymentPostprocessing = 0;
		};
/* End PBXFrameworksBuildPhase section */

/* Begin PBXGroup section */
		88541B901FB42AF70027E0BA = {
			isa = PBXGroup;
			children = (
				88541BB21FB42D2F0027E0BA /* FBSDKLoginKit.framework */,
				88541BBA1FB42DB50027E0BA /* AccountKit.framework */,
				88541BB61FB42DB50027E0BA /* AccountKitStrings.bundle */,
				88541BB71FB42DB50027E0BA /* Bolts.framework */,
				88541BBE1FB42DB50027E0BA /* FacebookSDKStrings.bundle */,
				88541BB81FB42DB50027E0BA /* FBNotifications.framework */,
				88541BBB1FB42DB50027E0BA /* FBSDKCoreKit.framework */,
				88541BBC1FB42DB50027E0BA /* FBSDKLoginKit.framework */,
				88541BB91FB42DB50027E0BA /* FBSDKMessengerShareKit.framework */,
				88541BB51FB42DB50027E0BA /* FBSDKPlacesKit.framework */,
				88541BBD1FB42DB50027E0BA /* FBSDKShareKit.framework */,
				88541B9B1FB42AF70027E0BA /* fbcXYZ */,
				88541B9A1FB42AF70027E0BA /* Products */,
			);
			sourceTree = "<group>";
		};
		88541B9A1FB42AF70027E0BA /* Products */ = {
			isa = PBXGroup;
			children = (
				88541B991FB42AF70027E0BA /* fbcXYZ.app */,
			);
			name = Products;
			sourceTree = "<group>";
		};
		88541B9B1FB42AF70027E0BA /* fbcXYZ */ = {
			isa = PBXGroup;
			children = (
				88541B9C1FB42AF70027E0BA /* AppDelegate.h */,
				88541B9D1FB42AF70027E0BA /* AppDelegate.m */,
				88541B9F1FB42AF80027E0BA /* ViewController.h */,
				88541BA01FB42AF80027E0BA /* ViewController.m */,
				88541BA21FB42AF80027E0BA /* Main.storyboard */,
				88541BA51FB42AF80027E0BA /* Assets.xcassets */,
				88541BA71FB42AF80027E0BA /* LaunchScreen.storyboard */,
				88541BAA1FB42AF80027E0BA /* Info.plist */,
				88541BAB1FB42AF80027E0BA /* main.m */,
			);
			path = fbcXYZ;
			sourceTree = "<group>";
		};
/* End PBXGroup section */

/* Begin PBXNativeTarget section */
		88541B981FB42AF70027E0BA /* fbcXYZ */ = {
			isa = PBXNativeTarget;
			buildConfigurationList = 88541BAF1FB42AF80027E0BA /* Build configuration list for PBXNativeTarget "fbcXYZ" */;
			buildPhases = (
				88541B951FB42AF70027E0BA /* Sources */,
				88541B961FB42AF70027E0BA /* Frameworks */,
				88541B971FB42AF70027E0BA /* Resources */,
			);
			buildRules = (
			);
			dependencies = (
			);
			name = fbcXYZ;
			productName = fbcXYZ;
			productReference = 88541B991FB42AF70027E0BA /* fbcXYZ.app */;
			productType = "com.apple.product-type.application";
		};
/* End PBXNativeTarget section */

/* Begin PBXProject section */
		88541B911FB42AF70027E0BA /* Project object */ = {
			isa = PBXProject;
			attributes = {
				LastUpgradeCheck = 0900;
				ORGANIZATIONNAME = Valtech;
				TargetAttributes = {
					88541B981FB42AF70027E0BA = {
						CreatedOnToolsVersion = 9.0.1;
						ProvisioningStyle = Automatic;
					};
				};
			};
			buildConfigurationList = 88541B941FB42AF70027E0BA /* Build configuration list for PBXProject "fbcXYZ" */;
			compatibilityVersion = "Xcode 8.0";
			developmentRegion = en;
			hasScannedForEncodings = 0;
			knownRegions = (
				en,
				Base,
			);
			mainGroup = 88541B901FB42AF70027E0BA;
			productRefGroup = 88541B9A1FB42AF70027E0BA /* Products */;
			projectDirPath = "";
			projectRoot = "";
			targets = (
				88541B981FB42AF70027E0BA /* fbcXYZ */,
			);
		};
/* End PBXProject section */

/* Begin PBXResourcesBuildPhase section */
		88541B971FB42AF70027E0BA /* Resources */ = {
			isa = PBXResourcesBuildPhase;
			buildActionMask = 2147483647;
			files = (
				88541BB41FB42D790027E0BA /* FBSDKLoginKit.framework in Resources */,
				88541BA91FB42AF80027E0BA /* LaunchScreen.storyboard in Resources */,
				88541BC01FB42DB50027E0BA /* AccountKitStrings.bundle in Resources */,
				88541BC81FB42DB50027E0BA /* FacebookSDKStrings.bundle in Resources */,
				88541BA61FB42AF80027E0BA /* Assets.xcassets in Resources */,
				88541BA41FB42AF80027E0BA /* Main.storyboard in Resources */,
			);
			runOnlyForDeploymentPostprocessing = 0;
		};
/* End PBXResourcesBuildPhase section */

/* Begin PBXSourcesBuildPhase section */
		88541B951FB42AF70027E0BA /* Sources */ = {
			isa = PBXSourcesBuildPhase;
			buildActionMask = 2147483647;
			files = (
				88541BA11FB42AF80027E0BA /* ViewController.m in Sources */,
				88541BAC1FB42AF80027E0BA /* main.m in Sources */,
				88541B9E1FB42AF70027E0BA /* AppDelegate.m in Sources */,
			);
			runOnlyForDeploymentPostprocessing = 0;
		};
/* End PBXSourcesBuildPhase section */

/* Begin PBXVariantGroup section */
		88541BA21FB42AF80027E0BA /* Main.storyboard */ = {
			isa = PBXVariantGroup;
			children = (
				88541BA31FB42AF80027E0BA /* Base */,
			);
			name = Main.storyboard;
			sourceTree = "<group>";
		};
		88541BA71FB42AF80027E0BA /* LaunchScreen.storyboard */ = {
			isa = PBXVariantGroup;
			children = (
				88541BA81FB42AF80027E0BA /* Base */,
			);
			name = LaunchScreen.storyboard;
			sourceTree = "<group>";
		};
/* End PBXVariantGroup section */

/* Begin XCBuildConfiguration section */
		88541BAD1FB42AF80027E0BA /* Debug */ = {
			isa = XCBuildConfiguration;
			buildSettings = {
				ALWAYS_SEARCH_USER_PATHS = NO;
				CLANG_ANALYZER_NONNULL = YES;
				CLANG_ANALYZER_NUMBER_OBJECT_CONVERSION = YES_AGGRESSIVE;
				CLANG_CXX_LANGUAGE_STANDARD = "gnu++14";
				CLANG_CXX_LIBRARY = "libc++";
				CLANG_ENABLE_MODULES = YES;
				CLANG_ENABLE_OBJC_ARC = YES;
				CLANG_WARN_BLOCK_CAPTURE_AUTORELEASING = YES;
				CLANG_WARN_BOOL_CONVERSION = YES;
				CLANG_WARN_COMMA = YES;
				CLANG_WARN_CONSTANT_CONVERSION = YES;
				CLANG_WARN_DIRECT_OBJC_ISA_USAGE = YES_ERROR;
				CLANG_WARN_DOCUMENTATION_COMMENTS = YES;
				CLANG_WARN_EMPTY_BODY = YES;
				CLANG_WARN_ENUM_CONVERSION = YES;
				CLANG_WARN_INFINITE_RECURSION = YES;
				CLANG_WARN_INT_CONVERSION = YES;
				CLANG_WARN_NON_LITERAL_NULL_CONVERSION = YES;
				CLANG_WARN_OBJC_LITERAL_CONVERSION = YES;
				CLANG_WARN_OBJC_ROOT_CLASS = YES_ERROR;
				CLANG_WARN_RANGE_LOOP_ANALYSIS = YES;
				CLANG_WARN_STRICT_PROTOTYPES = YES;
				CLANG_WARN_SUSPICIOUS_MOVE = YES;
				CLANG_WARN_UNGUARDED_AVAILABILITY = YES_AGGRESSIVE;
				CLANG_WARN_UNREACHABLE_CODE = YES;
				CLANG_WARN__DUPLICATE_METHOD_MATCH = YES;
				CODE_SIGN_IDENTITY = "iPhone Developer";
				COPY_PHASE_STRIP = NO;
				DEBUG_INFORMATION_FORMAT = dwarf;
				ENABLE_STRICT_OBJC_MSGSEND = YES;
				ENABLE_TESTABILITY = YES;
				GCC_C_LANGUAGE_STANDARD = gnu11;
				GCC_DYNAMIC_NO_PIC = NO;
				GCC_NO_COMMON_BLOCKS = YES;
				GCC_OPTIMIZATION_LEVEL = 0;
				GCC_PREPROCESSOR_DEFINITIONS = (
					"DEBUG=1",
					"$(inherited)",
				);
				GCC_WARN_64_TO_32_BIT_CONVERSION = YES;
				GCC_WARN_ABOUT_RETURN_TYPE = YES_ERROR;
				GCC_WARN_UNDECLARED_SELECTOR = YES;
				GCC_WARN_UNINITIALIZED_AUTOS = YES_AGGRESSIVE;
				GCC_WARN_UNUSED_FUNCTION = YES;
				GCC_WARN_UNUSED_VARIABLE = YES;
				IPHONEOS_DEPLOYMENT_TARGET = 11.0;
				MTL_ENABLE_DEBUG_INFO = YES;
				ONLY_ACTIVE_ARCH = YES;
				SDKROOT = iphoneos;
			};
			name = Debug;
		};
		88541BAE1FB42AF80027E0BA /* Release */ = {
			isa = XCBuildConfiguration;
			buildSettings = {
				ALWAYS_SEARCH_USER_PATHS = NO;
				CLANG_ANALYZER_NONNULL = YES;
				CLANG_ANALYZER_NUMBER_OBJECT_CONVERSION = YES_AGGRESSIVE;
				CLANG_CXX_LANGUAGE_STANDARD = "gnu++14";
				CLANG_CXX_LIBRARY = "libc++";
				CLANG_ENABLE_MODULES = YES;
				CLANG_ENABLE_OBJC_ARC = YES;
				CLANG_WARN_BLOCK_CAPTURE_AUTORELEASING = YES;
				CLANG_WARN_BOOL_CONVERSION = YES;
				CLANG_WARN_COMMA = YES;
				CLANG_WARN_CONSTANT_CONVERSION = YES;
				CLANG_WARN_DIRECT_OBJC_ISA_USAGE = YES_ERROR;
				CLANG_WARN_DOCUMENTATION_COMMENTS = YES;
				CLANG_WARN_EMPTY_BODY = YES;
				CLANG_WARN_ENUM_CONVERSION = YES;
				CLANG_WARN_INFINITE_RECURSION = YES;
				CLANG_WARN_INT_CONVERSION = YES;
				CLANG_WARN_NON_LITERAL_NULL_CONVERSION = YES;
				CLANG_WARN_OBJC_LITERAL_CONVERSION = YES;
				CLANG_WARN_OBJC_ROOT_CLASS = YES_ERROR;
				CLANG_WARN_RANGE_LOOP_ANALYSIS = YES;
				CLANG_WARN_STRICT_PROTOTYPES = YES;
				CLANG_WARN_SUSPICIOUS_MOVE = YES;
				CLANG_WARN_UNGUARDED_AVAILABILITY = YES_AGGRESSIVE;
				CLANG_WARN_UNREACHABLE_CODE = YES;
				CLANG_WARN__DUPLICATE_METHOD_MATCH = YES;
				CODE_SIGN_IDENTITY = "iPhone Developer";
				COPY_PHASE_STRIP = NO;
				DEBUG_INFORMATION_FORMAT = "dwarf-with-dsym";
				ENABLE_NS_ASSERTIONS = NO;
				ENABLE_STRICT_OBJC_MSGSEND = YES;
				GCC_C_LANGUAGE_STANDARD = gnu11;
				GCC_NO_COMMON_BLOCKS = YES;
				GCC_WARN_64_TO_32_BIT_CONVERSION = YES;
				GCC_WARN_ABOUT_RETURN_TYPE = YES_ERROR;
				GCC_WARN_UNDECLARED_SELECTOR = YES;
				GCC_WARN_UNINITIALIZED_AUTOS = YES_AGGRESSIVE;
				GCC_WARN_UNUSED_FUNCTION = YES;
				GCC_WARN_UNUSED_VARIABLE = YES;
				IPHONEOS_DEPLOYMENT_TARGET = 11.0;
				MTL_ENABLE_DEBUG_INFO = NO;
				SDKROOT = iphoneos;
				VALIDATE_PRODUCT = YES;
			};
			name = Release;
		};
		88541BB01FB42AF80027E0BA /* Debug */ = {
			isa = XCBuildConfiguration;
			buildSettings = {
				ASSETCATALOG_COMPILER_APPICON_NAME = AppIcon;
				CODE_SIGN_STYLE = Automatic;
				FRAMEWORK_SEARCH_PATHS = (
					"$(inherited)",
					"$(PROJECT_DIR)",
				);
				INFOPLIST_FILE = fbcXYZ/Info.plist;
				LD_RUNPATH_SEARCH_PATHS = "$(inherited) @executable_path/Frameworks";
				PRODUCT_BUNDLE_IDENTIFIER = com.xyz.fbcXYZ;
				PRODUCT_NAME = "$(TARGET_NAME)";
				TARGETED_DEVICE_FAMILY = "1,2";
			};
			name = Debug;
		};
		88541BB11FB42AF80027E0BA /* Release */ = {
			isa = XCBuildConfiguration;
			buildSettings = {
				ASSETCATALOG_COMPILER_APPICON_NAME = AppIcon;
				CODE_SIGN_STYLE = Automatic;
				FRAMEWORK_SEARCH_PATHS = (
					"$(inherited)",
					"$(PROJECT_DIR)",
				);
				INFOPLIST_FILE = fbcXYZ/Info.plist;
				LD_RUNPATH_SEARCH_PATHS = "$(inherited) @executable_path/Frameworks";
				PRODUCT_BUNDLE_IDENTIFIER = com.xyz.fbcXYZ;
				PRODUCT_NAME = "$(TARGET_NAME)";
				TARGETED_DEVICE_FAMILY = "1,2";
			};
			name = Release;
		};
/* End XCBuildConfiguration section */

/* Begin XCConfigurationList section */
		88541B941FB42AF70027E0BA /* Build configuration list for PBXProject "fbcXYZ" */ = {
			isa = XCConfigurationList;
			buildConfigurations = (
				88541BAD1FB42AF80027E0BA /* Debug */,
				88541BAE1FB42AF80027E0BA /* Release */,
			);
			defaultConfigurationIsVisible = 0;
			defaultConfigurationName = Release;
		};
		88541BAF1FB42AF80027E0BA /* Build configuration list for PBXNativeTarget "fbcXYZ" */ = {
			isa = XCConfigurationList;
			buildConfigurations = (
				88541BB01FB42AF80027E0BA /* Debug */,
				88541BB11FB42AF80027E0BA /* Release */,
			);
			defaultConfigurationIsVisible = 0;
			defaultConfigurationName = Release;
		};
/* End XCConfigurationList section */
	};
	rootObject = 88541B911FB42AF70027E0BA /* Project object */;
}
